// !$*UTF8*$!
{
	archiveVersion = 1;
	classes = {
	};
	objectVersion = 46;
	objects = {

/* Begin PBXBuildFile section */
		4B27A5161EA35C4E005FB8AB /* AppDelegate.swift in Sources */ = {isa = PBXBuildFile; fileRef = 4B27A5151EA35C4E005FB8AB /* AppDelegate.swift */; };
		4B27A51B1EA35C4E005FB8AB /* Main.storyboard in Resources */ = {isa = PBXBuildFile; fileRef = 4B27A5191EA35C4E005FB8AB /* Main.storyboard */; };
		4B27A51D1EA35C4E005FB8AB /* Assets.xcassets in Resources */ = {isa = PBXBuildFile; fileRef = 4B27A51C1EA35C4E005FB8AB /* Assets.xcassets */; };
		4B27A5201EA35C4E005FB8AB /* LaunchScreen.storyboard in Resources */ = {isa = PBXBuildFile; fileRef = 4B27A51E1EA35C4E005FB8AB /* LaunchScreen.storyboard */; };
		4B27A52A1EA4A821005FB8AB /* SettingsViewController.swift in Sources */ = {isa = PBXBuildFile; fileRef = 4B27A5291EA4A821005FB8AB /* SettingsViewController.swift */; };
		4BAAECE41EA5491700426461 /* FighterController.swift in Sources */ = {isa = PBXBuildFile; fileRef = 4BAAECE31EA5491700426461 /* FighterController.swift */; };
		4BAAECE61EA55A4800426461 /* StatsController.swift in Sources */ = {isa = PBXBuildFile; fileRef = 4BAAECE51EA55A4800426461 /* StatsController.swift */; };
		4BAAECE81EA5F5DA00426461 /* Fighter.swift in Sources */ = {isa = PBXBuildFile; fileRef = 4BAAECE71EA5F5DA00426461 /* Fighter.swift */; };
		4BAAECED1EA61F6E00426461 /* Report.swift in Sources */ = {isa = PBXBuildFile; fileRef = 4BAAECEC1EA61F6E00426461 /* Report.swift */; };
/* End PBXBuildFile section */

/* Begin PBXFileReference section */
		4B27A5121EA35C4D005FB8AB /* RefereeApp.app */ = {isa = PBXFileReference; explicitFileType = wrapper.application; includeInIndex = 0; path = RefereeApp.app; sourceTree = BUILT_PRODUCTS_DIR; };
		4B27A5151EA35C4E005FB8AB /* AppDelegate.swift */ = {isa = PBXFileReference; lastKnownFileType = sourcecode.swift; path = AppDelegate.swift; sourceTree = "<group>"; };
		4B27A51A1EA35C4E005FB8AB /* Base */ = {isa = PBXFileReference; lastKnownFileType = file.storyboard; name = Base; path = Base.lproj/Main.storyboard; sourceTree = "<group>"; };
		4B27A51C1EA35C4E005FB8AB /* Assets.xcassets */ = {isa = PBXFileReference; lastKnownFileType = folder.assetcatalog; path = Assets.xcassets; sourceTree = "<group>"; };
		4B27A51F1EA35C4E005FB8AB /* Base */ = {isa = PBXFileReference; lastKnownFileType = file.storyboard; name = Base; path = Base.lproj/LaunchScreen.storyboard; sourceTree = "<group>"; };
		4B27A5211EA35C4E005FB8AB /* Info.plist */ = {isa = PBXFileReference; lastKnownFileType = text.plist.xml; path = Info.plist; sourceTree = "<group>"; };
		4B27A5291EA4A821005FB8AB /* SettingsViewController.swift */ = {isa = PBXFileReference; fileEncoding = 4; lastKnownFileType = sourcecode.swift; path = SettingsViewController.swift; sourceTree = "<group>"; };
		4BAAECE31EA5491700426461 /* FighterController.swift */ = {isa = PBXFileReference; fileEncoding = 4; lastKnownFileType = sourcecode.swift; path = FighterController.swift; sourceTree = "<group>"; };
		4BAAECE51EA55A4800426461 /* StatsController.swift */ = {isa = PBXFileReference; fileEncoding = 4; lastKnownFileType = sourcecode.swift; path = StatsController.swift; sourceTree = "<group>"; };
		4BAAECE71EA5F5DA00426461 /* Fighter.swift */ = {isa = PBXFileReference; fileEncoding = 4; lastKnownFileType = sourcecode.swift; name = Fighter.swift; path = RefereeApp/Fighter.swift; sourceTree = "<group>"; };
		4BAAECEC1EA61F6E00426461 /* Report.swift */ = {isa = PBXFileReference; fileEncoding = 4; lastKnownFileType = sourcecode.swift; path = Report.swift; sourceTree = "<group>"; };
/* End PBXFileReference section */

/* Begin PBXFrameworksBuildPhase section */
		4B27A50F1EA35C4D005FB8AB /* Frameworks */ = {
			isa = PBXFrameworksBuildPhase;
			buildActionMask = 2147483647;
			files = (
			);
			runOnlyForDeploymentPostprocessing = 0;
		};
/* End PBXFrameworksBuildPhase section */

/* Begin PBXGroup section */
		4B27A5091EA35C4D005FB8AB = {
			isa = PBXGroup;
			children = (
				4BAAECEB1EA6100100426461 /* Model */,
				4B27A5141EA35C4D005FB8AB /* RefereeApp */,
				4B27A5131EA35C4D005FB8AB /* Products */,
			);
			sourceTree = "<group>";
		};
		4B27A5131EA35C4D005FB8AB /* Products */ = {
			isa = PBXGroup;
			children = (
				4B27A5121EA35C4D005FB8AB /* RefereeApp.app */,
			);
			name = Products;
			sourceTree = "<group>";
		};
		4B27A5141EA35C4D005FB8AB /* RefereeApp */ = {
			isa = PBXGroup;
			children = (
				4B27A5151EA35C4E005FB8AB /* AppDelegate.swift */,
				4BAAECE31EA5491700426461 /* FighterController.swift */,
				4B27A5291EA4A821005FB8AB /* SettingsViewController.swift */,
				4BAAECE51EA55A4800426461 /* StatsController.swift */,
				4B27A5191EA35C4E005FB8AB /* Main.storyboard */,
				4B27A51C1EA35C4E005FB8AB /* Assets.xcassets */,
				4B27A51E1EA35C4E005FB8AB /* LaunchScreen.storyboard */,
				4B27A5211EA35C4E005FB8AB /* Info.plist */,
			);
			path = RefereeApp;
			sourceTree = "<group>";
		};
		4BAAECEB1EA6100100426461 /* Model */ = {
			isa = PBXGroup;
			children = (
				4BAAECE71EA5F5DA00426461 /* Fighter.swift */,
				4BAAECEC1EA61F6E00426461 /* Report.swift */,
			);
			name = Model;
			sourceTree = "<group>";
		};
/* End PBXGroup section */

/* Begin PBXNativeTarget section */
		4B27A5111EA35C4D005FB8AB /* RefereeApp */ = {
			isa = PBXNativeTarget;
			buildConfigurationList = 4B27A5241EA35C4E005FB8AB /* Build configuration list for PBXNativeTarget "RefereeApp" */;
			buildPhases = (
				4B27A50E1EA35C4D005FB8AB /* Sources */,
				4B27A50F1EA35C4D005FB8AB /* Frameworks */,
				4B27A5101EA35C4D005FB8AB /* Resources */,
			);
			buildRules = (
			);
			dependencies = (
			);
			name = RefereeApp;
			productName = RefereeApp;
			productReference = 4B27A5121EA35C4D005FB8AB /* RefereeApp.app */;
			productType = "com.apple.product-type.application";
		};
/* End PBXNativeTarget section */

/* Begin PBXProject section */
		4B27A50A1EA35C4D005FB8AB /* Project object */ = {
			isa = PBXProject;
			attributes = {
				LastSwiftUpdateCheck = 0830;
				LastUpgradeCheck = 0830;
				ORGANIZATIONNAME = "Михаил Нечаев";
				TargetAttributes = {
					4B27A5111EA35C4D005FB8AB = {
						CreatedOnToolsVersion = 8.3.1;
						DevelopmentTeam = R7MGG2Y2XW;
						ProvisioningStyle = Automatic;
					};
				};
			};
			buildConfigurationList = 4B27A50D1EA35C4D005FB8AB /* Build configuration list for PBXProject "RefereeApp" */;
			compatibilityVersion = "Xcode 3.2";
			developmentRegion = English;
			hasScannedForEncodings = 0;
			knownRegions = (
				en,
				Base,
			);
			mainGroup = 4B27A5091EA35C4D005FB8AB;
			productRefGroup = 4B27A5131EA35C4D005FB8AB /* Products */;
			projectDirPath = "";
			projectRoot = "";
			targets = (
				4B27A5111EA35C4D005FB8AB /* RefereeApp */,
			);
		};
/* End PBXProject section */

/* Begin PBXResourcesBuildPhase section */
		4B27A5101EA35C4D005FB8AB /* Resources */ = {
			isa = PBXResourcesBuildPhase;
			buildActionMask = 2147483647;
			files = (
				4B27A5201EA35C4E005FB8AB /* LaunchScreen.storyboard in Resources */,
				4B27A51D1EA35C4E005FB8AB /* Assets.xcassets in Resources */,
				4B27A51B1EA35C4E005FB8AB /* Main.storyboard in Resources */,
			);
			runOnlyForDeploymentPostprocessing = 0;
		};
/* End PBXResourcesBuildPhase section */

/* Begin PBXSourcesBuildPhase section */
		4B27A50E1EA35C4D005FB8AB /* Sources */ = {
			isa = PBXSourcesBuildPhase;
			buildActionMask = 2147483647;
			files = (
				4B27A5161EA35C4E005FB8AB /* AppDelegate.swift in Sources */,
				4BAAECE81EA5F5DA00426461 /* Fighter.swift in Sources */,
				4B27A52A1EA4A821005FB8AB /* SettingsViewController.swift in Sources */,
				4BAAECE41EA5491700426461 /* FighterController.swift in Sources */,
				4BAAECE61EA55A4800426461 /* StatsController.swift in Sources */,
				4BAAECED1EA61F6E00426461 /* Report.swift in Sources */,
			);
			runOnlyForDeploymentPostprocessing = 0;
		};
/* End PBXSourcesBuildPhase section */

/* Begin PBXVariantGroup section */
		4B27A5191EA35C4E005FB8AB /* Main.storyboard */ = {
			isa = PBXVariantGroup;
			children = (
				4B27A51A1EA35C4E005FB8AB /* Base */,
			);
			name = Main.storyboard;
			sourceTree = "<group>";
		};
		4B27A51E1EA35C4E005FB8AB /* LaunchScreen.storyboard */ = {
			isa = PBXVariantGroup;
			children = (
				4B27A51F1EA35C4E005FB8AB /* Base */,
			);
			name = LaunchScreen.storyboard;
			sourceTree = "<group>";
		};
/* End PBXVariantGroup section */

/* Begin XCBuildConfiguration section */
		4B27A5221EA35C4E005FB8AB /* Debug */ = {
			isa = XCBuildConfiguration;
			buildSettings = {
				ALWAYS_SEARCH_USER_PATHS = NO;
				CLANG_ANALYZER_NONNULL = YES;
				CLANG_ANALYZER_NUMBER_OBJECT_CONVERSION = YES_AGGRESSIVE;
				CLANG_CXX_LANGUAGE_STANDARD = "gnu++0x";
				CLANG_CXX_LIBRARY = "libc++";
				CLANG_ENABLE_MODULES = YES;
				CLANG_ENABLE_OBJC_ARC = YES;
				CLANG_WARN_BOOL_CONVERSION = YES;
				CLANG_WARN_CONSTANT_CONVERSION = YES;
				CLANG_WARN_DIRECT_OBJC_ISA_USAGE = YES_ERROR;
				CLANG_WARN_DOCUMENTATION_COMMENTS = YES;
				CLANG_WARN_EMPTY_BODY = YES;
				CLANG_WARN_ENUM_CONVERSION = YES;
				CLANG_WARN_INFINITE_RECURSION = YES;
				CLANG_WARN_INT_CONVERSION = YES;
				CLANG_WARN_OBJC_ROOT_CLASS = YES_ERROR;
				CLANG_WARN_SUSPICIOUS_MOVE = YES;
				CLANG_WARN_UNREACHABLE_CODE = YES;
				CLANG_WARN__DUPLICATE_METHOD_MATCH = YES;
				"CODE_SIGN_IDENTITY[sdk=iphoneos*]" = "iPhone Developer";
				COPY_PHASE_STRIP = NO;
				DEBUG_INFORMATION_FORMAT = dwarf;
				ENABLE_STRICT_OBJC_MSGSEND = YES;
				ENABLE_TESTABILITY = YES;
				GCC_C_LANGUAGE_STANDARD = gnu99;
				GCC_DYNAMIC_NO_PIC = NO;
				GCC_NO_COMMON_BLOCKS = YES;
				GCC_OPTIMIZATION_LEVEL = 0;
				GCC_PREPROCESSOR_DEFINITIONS = (
					"DEBUG=1",
					"$(inherited)",
				);
				GCC_WARN_64_TO_32_BIT_CONVERSION = YES;
				GCC_WARN_ABOUT_RETURN_TYPE = YES_ERROR;
				GCC_WARN_UNDECLARED_SELECTOR = YES;
				GCC_WARN_UNINITIALIZED_AUTOS = YES_AGGRESSIVE;
				GCC_WARN_UNUSED_FUNCTION = YES;
				GCC_WARN_UNUSED_VARIABLE = YES;
				IPHONEOS_DEPLOYMENT_TARGET = 10.3;
				MTL_ENABLE_DEBUG_INFO = YES;
				ONLY_ACTIVE_ARCH = YES;
				SDKROOT = iphoneos;
				SWIFT_ACTIVE_COMPILATION_CONDITIONS = DEBUG;
				SWIFT_OPTIMIZATION_LEVEL = "-Onone";
				TARGETED_DEVICE_FAMILY = "1,2";
			};
			name = Debug;
		};
		4B27A5231EA35C4E005FB8AB /* Release */ = {
			isa = XCBuildConfiguration;
			buildSettings = {
				ALWAYS_SEARCH_USER_PATHS = NO;
				CLANG_ANALYZER_NONNULL = YES;
				CLANG_ANALYZER_NUMBER_OBJECT_CONVERSION = YES_AGGRESSIVE;
				CLANG_CXX_LANGUAGE_STANDARD = "gnu++0x";
				CLANG_CXX_LIBRARY = "libc++";
				CLANG_ENABLE_MODULES = YES;
				CLANG_ENABLE_OBJC_ARC = YES;
				CLANG_WARN_BOOL_CONVERSION = YES;
				CLANG_WARN_CONSTANT_CONVERSION = YES;
				CLANG_WARN_DIRECT_OBJC_ISA_USAGE = YES_ERROR;
				CLANG_WARN_DOCUMENTATION_COMMENTS = YES;
				CLANG_WARN_EMPTY_BODY = YES;
				CLANG_WARN_ENUM_CONVERSION = YES;
				CLANG_WARN_INFINITE_RECURSION = YES;
				CLANG_WARN_INT_CONVERSION = YES;
				CLANG_WARN_OBJC_ROOT_CLASS = YES_ERROR;
				CLANG_WARN_SUSPICIOUS_MOVE = YES;
				CLANG_WARN_UNREACHABLE_CODE = YES;
				CLANG_WARN__DUPLICATE_METHOD_MATCH = YES;
				"CODE_SIGN_IDENTITY[sdk=iphoneos*]" = "iPhone Developer";
				COPY_PHASE_STRIP = NO;
				DEBUG_INFORMATION_FORMAT = "dwarf-with-dsym";
				ENABLE_NS_ASSERTIONS = NO;
				ENABLE_STRICT_OBJC_MSGSEND = YES;
				GCC_C_LANGUAGE_STANDARD = gnu99;
				GCC_NO_COMMON_BLOCKS = YES;
				GCC_WARN_64_TO_32_BIT_CONVERSION = YES;
				GCC_WARN_ABOUT_RETURN_TYPE = YES_ERROR;
				GCC_WARN_UNDECLARED_SELECTOR = YES;
				GCC_WARN_UNINITIALIZED_AUTOS = YES_AGGRESSIVE;
				GCC_WARN_UNUSED_FUNCTION = YES;
				GCC_WARN_UNUSED_VARIABLE = YES;
				IPHONEOS_DEPLOYMENT_TARGET = 10.3;
				MTL_ENABLE_DEBUG_INFO = NO;
				SDKROOT = iphoneos;
				SWIFT_OPTIMIZATION_LEVEL = "-Owholemodule";
				TARGETED_DEVICE_FAMILY = "1,2";
				VALIDATE_PRODUCT = YES;
			};
			name = Release;
		};
		4B27A5251EA35C4E005FB8AB /* Debug */ = {
			isa = XCBuildConfiguration;
			buildSettings = {
				ASSETCATALOG_COMPILER_APPICON_NAME = AppIcon;
				DEVELOPMENT_TEAM = R7MGG2Y2XW;
				INFOPLIST_FILE = RefereeApp/Info.plist;
				LD_RUNPATH_SEARCH_PATHS = "$(inherited) @executable_path/Frameworks";
				PRODUCT_BUNDLE_IDENTIFIER = NM.RefereeApp;
				PRODUCT_NAME = "$(TARGET_NAME)";
				SWIFT_VERSION = 3.0;
			};
			name = Debug;
		};
		4B27A5261EA35C4E005FB8AB /* Release */ = {
			isa = XCBuildConfiguration;
			buildSettings = {
				ASSETCATALOG_COMPILER_APPICON_NAME = AppIcon;
				DEVELOPMENT_TEAM = R7MGG2Y2XW;
				INFOPLIST_FILE = RefereeApp/Info.plist;
				LD_RUNPATH_SEARCH_PATHS = "$(inherited) @executable_path/Frameworks";
				PRODUCT_BUNDLE_IDENTIFIER = NM.RefereeApp;
				PRODUCT_NAME = "$(TARGET_NAME)";
				SWIFT_VERSION = 3.0;
			};
			name = Release;
		};
/* End XCBuildConfiguration section */

/* Begin XCConfigurationList section */
		4B27A50D1EA35C4D005FB8AB /* Build configuration list for PBXProject "RefereeApp" */ = {
			isa = XCConfigurationList;
			buildConfigurations = (
				4B27A5221EA35C4E005FB8AB /* Debug */,
				4B27A5231EA35C4E005FB8AB /* Release */,
			);
			defaultConfigurationIsVisible = 0;
			defaultConfigurationName = Release;
		};
		4B27A5241EA35C4E005FB8AB /* Build configuration list for PBXNativeTarget "RefereeApp" */ = {
			isa = XCConfigurationList;
			buildConfigurations = (
				4B27A5251EA35C4E005FB8AB /* Debug */,
				4B27A5261EA35C4E005FB8AB /* Release */,
			);
			defaultConfigurationIsVisible = 0;
			defaultConfigurationName = Release;
		};
/* End XCConfigurationList section */
	};
	rootObject = 4B27A50A1EA35C4D005FB8AB /* Project object */;
}
